
Microsoft Visual Studio Solution File, Format Version 12.00
# Visual Studio 2013
VisualStudioVersion = 12.0.30501.0
MinimumVisualStudioVersion = 10.0.40219.1
Project("{8BC9CEB8-8B4A-11D0-8D11-00A0C91BC942}") = "Challenge4", "Challenge4\Challenge4.vcxproj", "{11D97F44-84FB-4F12-AA7A-6C1BE5ED4467}"
EndProject
Global
	GlobalSection(SolutionConfigurationPlatforms) = preSolution
		Debug|Win32 = Debug|Win32
		Release|Win32 = Release|Win32
	EndGlobalSection
	GlobalSection(ProjectConfigurationPlatforms) = postSolution
		{11D97F44-84FB-4F12-AA7A-6C1BE5ED4467}.Debug|Win32.ActiveCfg = Debug|Win32
		{11D97F44-84FB-4F12-AA7A-6C1BE5ED4467}.Debug|Win32.Build.0 = Debug|Win32
		{11D97F44-84FB-4F12-AA7A-6C1BE5ED4467}.Release|Win32.ActiveCfg = Release|Win32
		{11D97F44-84FB-4F12-AA7A-6C1BE5ED4467}.Release|Win32.Build.0 = Release|Win32
	EndGlobalSection
	GlobalSection(SolutionProperties) = preSolution
		HideSolutionNode = FALSE
	EndGlobalSection
EndGlobal
